
Microsoft Visual Studio Solution File, Format Version 11.00
# Visual Studio 2010
Project("{8BC9CEB8-8B4A-11D0-8D11-00A0C91BC942}") = "SF_demo", "SF_demo_project.vcxproj", "{E74E53FC-C3BD-46A4-98EB-8074E32749D0}"
EndProject
Global
	GlobalSection(SolutionConfigurationPlatforms) = preSolution
		Debug|Win32 = Debug|Win32
		Release|Win32 = Release|Win32
	EndGlobalSection
	GlobalSection(ProjectConfigurationPlatforms) = postSolution
		{E74E53FC-C3BD-46A4-98EB-8074E32749D0}.Debug|Win32.ActiveCfg = Debug|Win32
		{E74E53FC-C3BD-46A4-98EB-8074E32749D0}.Debug|Win32.Build.0 = Debug|Win32
		{E74E53FC-C3BD-46A4-98EB-8074E32749D0}.Release|Win32.ActiveCfg = Release|Win32
		{E74E53FC-C3BD-46A4-98EB-8074E32749D0}.Release|Win32.Build.0 = Release|Win32
	EndGlobalSection
	GlobalSection(SolutionProperties) = preSolution
		HideSolutionNode = FALSE
	EndGlobalSection
EndGlobal
